{
    "name": "simple",
    "version": "1.0.0",
    "lockfileVersion": 3,
    "requires": true,
    "packages": {
        "": {
            "name": "simple",
            "version": "1.0.0",
            "license": "ISC",
            "dependencies": {
                "icheck": "^1.0.2"
            }
        },
        "node_modules/icheck": {
            "version": "1.0.2",
            "resolved": "https://registry.npmjs.org/icheck/-/icheck-1.0.2.tgz",
            "integrity": "sha512-1oDqj9ikiH4csFWKZnfbD1S9IY/MqzEt4cir6PIfkT84D/8QYaAZFrplXoyz5eaATmaoawY3KMTkMAO+fP4wGg=="
        }
    }
}
